
Microsoft Visual Studio Solution File, Format Version 12.00
# Visual Studio Version 16
VisualStudioVersion = 16.0.30517.126
MinimumVisualStudioVersion = 10.0.40219.1
Project("{FAE04EC0-301F-11D3-BF4B-00C04F79EFBC}") = "EulerProblem2", "EulerProblem2\EulerProblem2.csproj", "{44E7B1FF-74D5-4E37-9E24-9FB838A055B1}"
EndProject
Global
	GlobalSection(SolutionConfigurationPlatforms) = preSolution
		Debug|Any CPU = Debug|Any CPU
		Release|Any CPU = Release|Any CPU
	EndGlobalSection
	GlobalSection(ProjectConfigurationPlatforms) = postSolution
		{44E7B1FF-74D5-4E37-9E24-9FB838A055B1}.Debug|Any CPU.ActiveCfg = Debug|Any CPU
		{44E7B1FF-74D5-4E37-9E24-9FB838A055B1}.Debug|Any CPU.Build.0 = Debug|Any CPU
		{44E7B1FF-74D5-4E37-9E24-9FB838A055B1}.Release|Any CPU.ActiveCfg = Release|Any CPU
		{44E7B1FF-74D5-4E37-9E24-9FB838A055B1}.Release|Any CPU.Build.0 = Release|Any CPU
	EndGlobalSection
	GlobalSection(SolutionProperties) = preSolution
		HideSolutionNode = FALSE
	EndGlobalSection
	GlobalSection(ExtensibilityGlobals) = postSolution
		SolutionGuid = {CBFBFA89-47D2-41E7-A23F-6F758E072074}
	EndGlobalSection
EndGlobal
